<?xml version="1.0" encoding="utf-8"?>
<Project ToolsVersion="4.0" xmlns="http://schemas.microsoft.com/developer/msbuild/2003">
  <ItemGroup>
    <ClCompile Include="main.cpp" />
  </ItemGroup>
  <ItemGroup>
    <ClInclude Include="timer.hpp" />
    <ClInclude Include="shape\shape.hpp" />
    <ClInclude Include="vec2f.hpp" />
    <ClInclude Include="shape\traits.hpp" />
    <ClInclude Include="collision_detection\traits\collision_detection_traits.hpp" />
    <ClInclude Include="collision_detection\traits\hit_traits.hpp" />
    <ClInclude Include="collision_detection\traits\range_traits.hpp" />
    <ClInclude Include="collision_detection\tree.hpp" />
    <ClInclude Include="tester.hpp" />
    <ClInclude Include="collsion_detection_policy\001.hpp" />
    <ClInclude Include="tree_impl\001\tree_impl.hpp" />
    <ClInclude Include="collision_detection\morton_number.hpp" />
    <ClInclude Include="tree_impl\001\space_cell.hpp" />
    <ClInclude Include="tree_impl\001\liner_object.hpp" />
  </ItemGroup>
</Project>